
Microsoft Visual Studio Solution File, Format Version 12.00
# Visual Studio 2013
VisualStudioVersion = 12.0.21005.1
MinimumVisualStudioVersion = 10.0.40219.1
Project("{8BC9CEB8-8B4A-11D0-8D11-00A0C91BC942}") = "Four", "Four\Four.vcxproj", "{288022E6-DC72-4E81-BD76-F791A3082F9C}"
EndProject
Project("{8BC9CEB8-8B4A-11D0-8D11-00A0C91BC942}") = "Three", "Three\Three.vcxproj", "{2C9392AA-4875-41FE-8C36-B6434DE18E06}"
EndProject
Project("{8BC9CEB8-8B4A-11D0-8D11-00A0C91BC942}") = "Five", "Five\Five.vcxproj", "{2DC373F1-42EF-42F8-92C0-1DB5E3314E97}"
EndProject
Project("{8BC9CEB8-8B4A-11D0-8D11-00A0C91BC942}") = "Six", "Six\Six.vcxproj", "{2DC905FD-C56B-4A50-99D1-B73480C0EFF1}"
EndProject
Project("{8BC9CEB8-8B4A-11D0-8D11-00A0C91BC942}") = "Seven", "Seven\Seven.vcxproj", "{2B77EFD1-8952-4285-ACAB-2C40BAD8BC3E}"
EndProject
Project("{8BC9CEB8-8B4A-11D0-8D11-00A0C91BC942}") = "Eghit", "Eghit\Eghit.vcxproj", "{CFBD571D-5DCC-4B8B-A12C-8B599D228C5E}"
EndProject
Project("{8BC9CEB8-8B4A-11D0-8D11-00A0C91BC942}") = "Nine", "Nine\Nine.vcxproj", "{E82277C2-A088-46A3-B2B5-0C89D2C26BF0}"
EndProject
Global
	GlobalSection(SolutionConfigurationPlatforms) = preSolution
		Debug|Win32 = Debug|Win32
		Release|Win32 = Release|Win32
	EndGlobalSection
	GlobalSection(ProjectConfigurationPlatforms) = postSolution
		{288022E6-DC72-4E81-BD76-F791A3082F9C}.Debug|Win32.ActiveCfg = Debug|Win32
		{288022E6-DC72-4E81-BD76-F791A3082F9C}.Debug|Win32.Build.0 = Debug|Win32
		{288022E6-DC72-4E81-BD76-F791A3082F9C}.Release|Win32.ActiveCfg = Release|Win32
		{288022E6-DC72-4E81-BD76-F791A3082F9C}.Release|Win32.Build.0 = Release|Win32
		{2C9392AA-4875-41FE-8C36-B6434DE18E06}.Debug|Win32.ActiveCfg = Debug|Win32
		{2C9392AA-4875-41FE-8C36-B6434DE18E06}.Debug|Win32.Build.0 = Debug|Win32
		{2C9392AA-4875-41FE-8C36-B6434DE18E06}.Release|Win32.ActiveCfg = Release|Win32
		{2C9392AA-4875-41FE-8C36-B6434DE18E06}.Release|Win32.Build.0 = Release|Win32
		{2DC373F1-42EF-42F8-92C0-1DB5E3314E97}.Debug|Win32.ActiveCfg = Debug|Win32
		{2DC373F1-42EF-42F8-92C0-1DB5E3314E97}.Debug|Win32.Build.0 = Debug|Win32
		{2DC373F1-42EF-42F8-92C0-1DB5E3314E97}.Release|Win32.ActiveCfg = Release|Win32
		{2DC373F1-42EF-42F8-92C0-1DB5E3314E97}.Release|Win32.Build.0 = Release|Win32
		{2DC905FD-C56B-4A50-99D1-B73480C0EFF1}.Debug|Win32.ActiveCfg = Debug|Win32
		{2DC905FD-C56B-4A50-99D1-B73480C0EFF1}.Debug|Win32.Build.0 = Debug|Win32
		{2DC905FD-C56B-4A50-99D1-B73480C0EFF1}.Release|Win32.ActiveCfg = Release|Win32
		{2DC905FD-C56B-4A50-99D1-B73480C0EFF1}.Release|Win32.Build.0 = Release|Win32
		{2B77EFD1-8952-4285-ACAB-2C40BAD8BC3E}.Debug|Win32.ActiveCfg = Debug|Win32
		{2B77EFD1-8952-4285-ACAB-2C40BAD8BC3E}.Debug|Win32.Build.0 = Debug|Win32
		{2B77EFD1-8952-4285-ACAB-2C40BAD8BC3E}.Release|Win32.ActiveCfg = Release|Win32
		{2B77EFD1-8952-4285-ACAB-2C40BAD8BC3E}.Release|Win32.Build.0 = Release|Win32
		{CFBD571D-5DCC-4B8B-A12C-8B599D228C5E}.Debug|Win32.ActiveCfg = Debug|Win32
		{CFBD571D-5DCC-4B8B-A12C-8B599D228C5E}.Debug|Win32.Build.0 = Debug|Win32
		{CFBD571D-5DCC-4B8B-A12C-8B599D228C5E}.Release|Win32.ActiveCfg = Release|Win32
		{CFBD571D-5DCC-4B8B-A12C-8B599D228C5E}.Release|Win32.Build.0 = Release|Win32
		{E82277C2-A088-46A3-B2B5-0C89D2C26BF0}.Debug|Win32.ActiveCfg = Debug|Win32
		{E82277C2-A088-46A3-B2B5-0C89D2C26BF0}.Debug|Win32.Build.0 = Debug|Win32
		{E82277C2-A088-46A3-B2B5-0C89D2C26BF0}.Release|Win32.ActiveCfg = Release|Win32
		{E82277C2-A088-46A3-B2B5-0C89D2C26BF0}.Release|Win32.Build.0 = Release|Win32
	EndGlobalSection
	GlobalSection(SolutionProperties) = preSolution
		HideSolutionNode = FALSE
	EndGlobalSection
EndGlobal
